
Microsoft Visual Studio Solution File, Format Version 12.00
# Visual Studio Version 17
VisualStudioVersion = 17.3.32825.248
MinimumVisualStudioVersion = 10.0.40219.1
Project("{FAE04EC0-301F-11D3-BF4B-00C04F79EFBC}") = "Exceptional", "Exceptional.csproj", "{DE6754B6-F0EF-43EB-AABF-F0CE7FBD6547}"
EndProject
Global
	GlobalSection(SolutionConfigurationPlatforms) = preSolution
		Debug|Any CPU = Debug|Any CPU
		Release|Any CPU = Release|Any CPU
	EndGlobalSection
	GlobalSection(ProjectConfigurationPlatforms) = postSolution
		{DE6754B6-F0EF-43EB-AABF-F0CE7FBD6547}.Debug|Any CPU.ActiveCfg = Debug|Any CPU
		{DE6754B6-F0EF-43EB-AABF-F0CE7FBD6547}.Debug|Any CPU.Build.0 = Debug|Any CPU
		{DE6754B6-F0EF-43EB-AABF-F0CE7FBD6547}.Release|Any CPU.ActiveCfg = Release|Any CPU
		{DE6754B6-F0EF-43EB-AABF-F0CE7FBD6547}.Release|Any CPU.Build.0 = Release|Any CPU
	EndGlobalSection
	GlobalSection(SolutionProperties) = preSolution
		HideSolutionNode = FALSE
	EndGlobalSection
	GlobalSection(ExtensibilityGlobals) = postSolution
		SolutionGuid = {969D4EC1-3673-45E0-82AC-1F341504A2BE}
	EndGlobalSection
EndGlobal
