
Microsoft Visual Studio Solution File, Format Version 12.00
# Visual Studio Version 17
VisualStudioVersion = 17.3.32825.248
MinimumVisualStudioVersion = 10.0.40219.1
Project("{FAE04EC0-301F-11D3-BF4B-00C04F79EFBC}") = "2DArrays", "2DArrays.csproj", "{93B1B248-786D-4F72-A323-3D192185B89D}"
EndProject
Global
	GlobalSection(SolutionConfigurationPlatforms) = preSolution
		Debug|Any CPU = Debug|Any CPU
		Release|Any CPU = Release|Any CPU
	EndGlobalSection
	GlobalSection(ProjectConfigurationPlatforms) = postSolution
		{93B1B248-786D-4F72-A323-3D192185B89D}.Debug|Any CPU.ActiveCfg = Debug|Any CPU
		{93B1B248-786D-4F72-A323-3D192185B89D}.Debug|Any CPU.Build.0 = Debug|Any CPU
		{93B1B248-786D-4F72-A323-3D192185B89D}.Release|Any CPU.ActiveCfg = Release|Any CPU
		{93B1B248-786D-4F72-A323-3D192185B89D}.Release|Any CPU.Build.0 = Release|Any CPU
	EndGlobalSection
	GlobalSection(SolutionProperties) = preSolution
		HideSolutionNode = FALSE
	EndGlobalSection
	GlobalSection(ExtensibilityGlobals) = postSolution
		SolutionGuid = {43C6D7FC-3612-417D-8059-FEFF5DF7EB5D}
	EndGlobalSection
EndGlobal
